// !$*UTF8*$!
{
	archiveVersion = 1;
	classes = {
	};
	objectVersion = 46;
	objects = {

/* Begin PBXBuildFile section */
		07538B4816A71EC7004905F4 /* GAExceptionHit.h in Headers */ = {isa = PBXBuildFile; fileRef = 07538B4616A71EC7004905F4 /* GAExceptionHit.h */; };
		07538B4916A71EC7004905F4 /* GAExceptionHit.m in Sources */ = {isa = PBXBuildFile; fileRef = 07538B4716A71EC7004905F4 /* GAExceptionHit.m */; };
		0765D1C716822D430086D56C /* GAEventHit.h in Headers */ = {isa = PBXBuildFile; fileRef = 0765D1C516822D430086D56C /* GAEventHit.h */; settings = {ATTRIBUTES = (Public, ); }; };
		0765D1C816822D430086D56C /* GAEventHit.m in Sources */ = {isa = PBXBuildFile; fileRef = 0765D1C616822D430086D56C /* GAEventHit.m */; };
		0765D1CF16832B890086D56C /* GASocialHit.h in Headers */ = {isa = PBXBuildFile; fileRef = 0765D1CD16832B890086D56C /* GASocialHit.h */; settings = {ATTRIBUTES = (Public, ); }; };
		0765D1D016832B890086D56C /* GASocialHit.m in Sources */ = {isa = PBXBuildFile; fileRef = 0765D1CE16832B890086D56C /* GASocialHit.m */; };
		078CE8F8169C20A500073C19 /* SystemConfiguration.framework in Frameworks */ = {isa = PBXBuildFile; fileRef = 078CE8F7169C20A500073C19 /* SystemConfiguration.framework */; };
		078CE919169C272400073C19 /* WebKit.framework in Frameworks */ = {isa = PBXBuildFile; fileRef = 078CE918169C272400073C19 /* WebKit.framework */; };
		078CE93B169C36FA00073C19 /* GAGeneralEvent.h in Headers */ = {isa = PBXBuildFile; fileRef = 078CE939169C36FA00073C19 /* GAGeneralEvent.h */; settings = {ATTRIBUTES = (Public, ); }; };
		078CE93C169C36FA00073C19 /* GAGeneralEvent.m in Sources */ = {isa = PBXBuildFile; fileRef = 078CE93A169C36FA00073C19 /* GAGeneralEvent.m */; };
		078CE975169C597D00073C19 /* GAHit.h in Headers */ = {isa = PBXBuildFile; fileRef = 0765D1C316822C170086D56C /* GAHit.h */; settings = {ATTRIBUTES = (Public, ); }; };
		078CE977169C599500073C19 /* GATracking.h in Headers */ = {isa = PBXBuildFile; fileRef = 078D4213168207D500F07F8C /* GATracking.h */; settings = {ATTRIBUTES = (Public, ); }; };
		078D420B168207D500F07F8C /* Cocoa.framework in Frameworks */ = {isa = PBXBuildFile; fileRef = 078D420A168207D500F07F8C /* Cocoa.framework */; };
		078D4215168207D500F07F8C /* GATracking.m in Sources */ = {isa = PBXBuildFile; fileRef = 078D4214168207D500F07F8C /* GATracking.m */; };
/* End PBXBuildFile section */

/* Begin PBXFileReference section */
		07538B4616A71EC7004905F4 /* GAExceptionHit.h */ = {isa = PBXFileReference; fileEncoding = 4; lastKnownFileType = sourcecode.c.h; path = GAExceptionHit.h; sourceTree = "<group>"; };
		07538B4716A71EC7004905F4 /* GAExceptionHit.m */ = {isa = PBXFileReference; fileEncoding = 4; lastKnownFileType = sourcecode.c.objc; path = GAExceptionHit.m; sourceTree = "<group>"; };
		0765D1C316822C170086D56C /* GAHit.h */ = {isa = PBXFileReference; lastKnownFileType = sourcecode.c.h; path = GAHit.h; sourceTree = "<group>"; };
		0765D1C516822D430086D56C /* GAEventHit.h */ = {isa = PBXFileReference; fileEncoding = 4; lastKnownFileType = sourcecode.c.h; path = GAEventHit.h; sourceTree = "<group>"; };
		0765D1C616822D430086D56C /* GAEventHit.m */ = {isa = PBXFileReference; fileEncoding = 4; lastKnownFileType = sourcecode.c.objc; path = GAEventHit.m; sourceTree = "<group>"; };
		0765D1CD16832B890086D56C /* GASocialHit.h */ = {isa = PBXFileReference; fileEncoding = 4; lastKnownFileType = sourcecode.c.h; path = GASocialHit.h; sourceTree = "<group>"; };
		0765D1CE16832B890086D56C /* GASocialHit.m */ = {isa = PBXFileReference; fileEncoding = 4; lastKnownFileType = sourcecode.c.objc; path = GASocialHit.m; sourceTree = "<group>"; };
		078CE8F7169C20A500073C19 /* SystemConfiguration.framework */ = {isa = PBXFileReference; lastKnownFileType = wrapper.framework; name = SystemConfiguration.framework; path = System/Library/Frameworks/SystemConfiguration.framework; sourceTree = SDKROOT; };
		078CE918169C272400073C19 /* WebKit.framework */ = {isa = PBXFileReference; lastKnownFileType = wrapper.framework; name = WebKit.framework; path = System/Library/Frameworks/WebKit.framework; sourceTree = SDKROOT; };
		078CE939169C36FA00073C19 /* GAGeneralEvent.h */ = {isa = PBXFileReference; fileEncoding = 4; lastKnownFileType = sourcecode.c.h; path = GAGeneralEvent.h; sourceTree = "<group>"; };
		078CE93A169C36FA00073C19 /* GAGeneralEvent.m */ = {isa = PBXFileReference; fileEncoding = 4; lastKnownFileType = sourcecode.c.objc; path = GAGeneralEvent.m; sourceTree = "<group>"; };
		078D4207168207D500F07F8C /* libGATracking.a */ = {isa = PBXFileReference; explicitFileType = archive.ar; includeInIndex = 0; path = libGATracking.a; sourceTree = BUILT_PRODUCTS_DIR; };
		078D420A168207D500F07F8C /* Cocoa.framework */ = {isa = PBXFileReference; lastKnownFileType = wrapper.framework; name = Cocoa.framework; path = System/Library/Frameworks/Cocoa.framework; sourceTree = SDKROOT; };
		078D420D168207D500F07F8C /* AppKit.framework */ = {isa = PBXFileReference; lastKnownFileType = wrapper.framework; name = AppKit.framework; path = System/Library/Frameworks/AppKit.framework; sourceTree = SDKROOT; };
		078D420E168207D500F07F8C /* CoreData.framework */ = {isa = PBXFileReference; lastKnownFileType = wrapper.framework; name = CoreData.framework; path = System/Library/Frameworks/CoreData.framework; sourceTree = SDKROOT; };
		078D420F168207D500F07F8C /* Foundation.framework */ = {isa = PBXFileReference; lastKnownFileType = wrapper.framework; name = Foundation.framework; path = System/Library/Frameworks/Foundation.framework; sourceTree = SDKROOT; };
		078D4212168207D500F07F8C /* GATracking-Prefix.pch */ = {isa = PBXFileReference; lastKnownFileType = sourcecode.c.h; path = "GATracking-Prefix.pch"; sourceTree = "<group>"; };
		078D4213168207D500F07F8C /* GATracking.h */ = {isa = PBXFileReference; lastKnownFileType = sourcecode.c.h; path = GATracking.h; sourceTree = "<group>"; };
		078D4214168207D500F07F8C /* GATracking.m */ = {isa = PBXFileReference; lastKnownFileType = sourcecode.c.objc; path = GATracking.m; sourceTree = "<group>"; };
		07A20D4A1688B497003D5BA2 /* libPods.a */ = {isa = PBXFileReference; lastKnownFileType = archive.ar; name = libPods.a; path = ../../../../Library/Developer/Xcode/DerivedData/Build/Products/Debug/libPods.a; sourceTree = "<group>"; };
/* End PBXFileReference section */

/* Begin PBXFrameworksBuildPhase section */
		078D4204168207D500F07F8C /* Frameworks */ = {
			isa = PBXFrameworksBuildPhase;
			buildActionMask = 2147483647;
			files = (
				078CE919169C272400073C19 /* WebKit.framework in Frameworks */,
				078CE8F8169C20A500073C19 /* SystemConfiguration.framework in Frameworks */,
				078D420B168207D500F07F8C /* Cocoa.framework in Frameworks */,
			);
			runOnlyForDeploymentPostprocessing = 0;
		};
/* End PBXFrameworksBuildPhase section */

/* Begin PBXGroup section */
		078D41FC168207D500F07F8C = {
			isa = PBXGroup;
			children = (
				07A20D4A1688B497003D5BA2 /* libPods.a */,
				078D4210168207D500F07F8C /* GATracking */,
				078D4209168207D500F07F8C /* Frameworks */,
				078D4208168207D500F07F8C /* Products */,
			);
			sourceTree = "<group>";
		};
		078D4208168207D500F07F8C /* Products */ = {
			isa = PBXGroup;
			children = (
				078D4207168207D500F07F8C /* libGATracking.a */,
			);
			name = Products;
			sourceTree = "<group>";
		};
		078D4209168207D500F07F8C /* Frameworks */ = {
			isa = PBXGroup;
			children = (
				078D420A168207D500F07F8C /* Cocoa.framework */,
				078D420C168207D500F07F8C /* Other Frameworks */,
			);
			name = Frameworks;
			sourceTree = "<group>";
		};
		078D420C168207D500F07F8C /* Other Frameworks */ = {
			isa = PBXGroup;
			children = (
				078CE918169C272400073C19 /* WebKit.framework */,
				078CE8F7169C20A500073C19 /* SystemConfiguration.framework */,
				078D420D168207D500F07F8C /* AppKit.framework */,
				078D420E168207D500F07F8C /* CoreData.framework */,
				078D420F168207D500F07F8C /* Foundation.framework */,
			);
			name = "Other Frameworks";
			sourceTree = "<group>";
		};
		078D4210168207D500F07F8C /* GATracking */ = {
			isa = PBXGroup;
			children = (
				0765D1C316822C170086D56C /* GAHit.h */,
				0765D1C516822D430086D56C /* GAEventHit.h */,
				0765D1C616822D430086D56C /* GAEventHit.m */,
				0765D1CD16832B890086D56C /* GASocialHit.h */,
				0765D1CE16832B890086D56C /* GASocialHit.m */,
				078CE939169C36FA00073C19 /* GAGeneralEvent.h */,
				078CE93A169C36FA00073C19 /* GAGeneralEvent.m */,
				07538B4616A71EC7004905F4 /* GAExceptionHit.h */,
				07538B4716A71EC7004905F4 /* GAExceptionHit.m */,
				078D4213168207D500F07F8C /* GATracking.h */,
				078D4214168207D500F07F8C /* GATracking.m */,
				078D4211168207D500F07F8C /* Supporting Files */,
			);
			path = GATracking;
			sourceTree = "<group>";
		};
		078D4211168207D500F07F8C /* Supporting Files */ = {
			isa = PBXGroup;
			children = (
				078D4212168207D500F07F8C /* GATracking-Prefix.pch */,
			);
			name = "Supporting Files";
			sourceTree = "<group>";
		};
/* End PBXGroup section */

/* Begin PBXHeadersBuildPhase section */
		078D4205168207D500F07F8C /* Headers */ = {
			isa = PBXHeadersBuildPhase;
			buildActionMask = 2147483647;
			files = (
				078CE975169C597D00073C19 /* GAHit.h in Headers */,
				0765D1C716822D430086D56C /* GAEventHit.h in Headers */,
				0765D1CF16832B890086D56C /* GASocialHit.h in Headers */,
				078CE93B169C36FA00073C19 /* GAGeneralEvent.h in Headers */,
				078CE977169C599500073C19 /* GATracking.h in Headers */,
				07538B4816A71EC7004905F4 /* GAExceptionHit.h in Headers */,
			);
			runOnlyForDeploymentPostprocessing = 0;
		};
/* End PBXHeadersBuildPhase section */

/* Begin PBXNativeTarget section */
		078D4206168207D500F07F8C /* GATracking */ = {
			isa = PBXNativeTarget;
			buildConfigurationList = 078D4218168207D500F07F8C /* Build configuration list for PBXNativeTarget "GATracking" */;
			buildPhases = (
				078D4203168207D500F07F8C /* Sources */,
				078D4204168207D500F07F8C /* Frameworks */,
				078D4205168207D500F07F8C /* Headers */,
			);
			buildRules = (
			);
			dependencies = (
			);
			name = GATracking;
			productName = GATracking;
			productReference = 078D4207168207D500F07F8C /* libGATracking.a */;
			productType = "com.apple.product-type.library.static";
		};
/* End PBXNativeTarget section */

/* Begin PBXProject section */
		078D41FE168207D500F07F8C /* Project object */ = {
			isa = PBXProject;
			attributes = {
				CLASSPREFIX = GA;
				LastUpgradeCheck = 0450;
				ORGANIZATIONNAME = "Coppertino Inc.";
			};
			buildConfigurationList = 078D4201168207D500F07F8C /* Build configuration list for PBXProject "GATracking" */;
			compatibilityVersion = "Xcode 3.2";
			developmentRegion = English;
			hasScannedForEncodings = 0;
			knownRegions = (
				en,
			);
			mainGroup = 078D41FC168207D500F07F8C;
			productRefGroup = 078D4208168207D500F07F8C /* Products */;
			projectDirPath = "";
			projectRoot = "";
			targets = (
				078D4206168207D500F07F8C /* GATracking */,
			);
		};
/* End PBXProject section */

/* Begin PBXSourcesBuildPhase section */
		078D4203168207D500F07F8C /* Sources */ = {
			isa = PBXSourcesBuildPhase;
			buildActionMask = 2147483647;
			files = (
				078D4215168207D500F07F8C /* GATracking.m in Sources */,
				0765D1C816822D430086D56C /* GAEventHit.m in Sources */,
				0765D1D016832B890086D56C /* GASocialHit.m in Sources */,
				078CE93C169C36FA00073C19 /* GAGeneralEvent.m in Sources */,
				07538B4916A71EC7004905F4 /* GAExceptionHit.m in Sources */,
			);
			runOnlyForDeploymentPostprocessing = 0;
		};
/* End PBXSourcesBuildPhase section */

/* Begin XCBuildConfiguration section */
		078D4216168207D500F07F8C /* Debug */ = {
			isa = XCBuildConfiguration;
			buildSettings = {
				ALWAYS_SEARCH_USER_PATHS = NO;
				ARCHS = "$(ARCHS_STANDARD_64_BIT)";
				CLANG_CXX_LANGUAGE_STANDARD = "gnu++0x";
				CLANG_CXX_LIBRARY = "libc++";
				CLANG_ENABLE_OBJC_ARC = YES;
				CLANG_WARN_EMPTY_BODY = YES;
				CLANG_WARN__DUPLICATE_METHOD_MATCH = YES;
				COPY_PHASE_STRIP = NO;
				GCC_C_LANGUAGE_STANDARD = gnu99;
				GCC_DYNAMIC_NO_PIC = NO;
				GCC_ENABLE_OBJC_EXCEPTIONS = YES;
				GCC_OPTIMIZATION_LEVEL = 0;
				GCC_PREPROCESSOR_DEFINITIONS = (
					"DEBUG=1",
					"$(inherited)",
				);
				GCC_SYMBOLS_PRIVATE_EXTERN = NO;
				GCC_WARN_64_TO_32_BIT_CONVERSION = YES;
				GCC_WARN_ABOUT_RETURN_TYPE = YES;
				GCC_WARN_UNINITIALIZED_AUTOS = YES;
				GCC_WARN_UNUSED_VARIABLE = YES;
				MACOSX_DEPLOYMENT_TARGET = 10.8;
				ONLY_ACTIVE_ARCH = YES;
				SDKROOT = macosx;
			};
			name = Debug;
		};
		078D4217168207D500F07F8C /* Release */ = {
			isa = XCBuildConfiguration;
			buildSettings = {
				ALWAYS_SEARCH_USER_PATHS = NO;
				ARCHS = "$(ARCHS_STANDARD_64_BIT)";
				CLANG_CXX_LANGUAGE_STANDARD = "gnu++0x";
				CLANG_CXX_LIBRARY = "libc++";
				CLANG_ENABLE_OBJC_ARC = YES;
				CLANG_WARN_EMPTY_BODY = YES;
				CLANG_WARN__DUPLICATE_METHOD_MATCH = YES;
				COPY_PHASE_STRIP = YES;
				DEBUG_INFORMATION_FORMAT = "dwarf-with-dsym";
				GCC_C_LANGUAGE_STANDARD = gnu99;
				GCC_ENABLE_OBJC_EXCEPTIONS = YES;
				GCC_WARN_64_TO_32_BIT_CONVERSION = YES;
				GCC_WARN_ABOUT_RETURN_TYPE = YES;
				GCC_WARN_UNINITIALIZED_AUTOS = YES;
				GCC_WARN_UNUSED_VARIABLE = YES;
				MACOSX_DEPLOYMENT_TARGET = 10.8;
				SDKROOT = macosx;
			};
			name = Release;
		};
		078D4219168207D500F07F8C /* Debug */ = {
			isa = XCBuildConfiguration;
			buildSettings = {
				GCC_PRECOMPILE_PREFIX_HEADER = YES;
				GCC_PREFIX_HEADER = "GATracking/GATracking-Prefix.pch";
				HEADER_SEARCH_PATHS = "\"$(SRCROOT)/../Pods/Headers\"";
				LIBRARY_SEARCH_PATHS = (
					"$(inherited)",
					"\"$(SRCROOT)/../../../../Library/Developer/Xcode/DerivedData/Build/Products/Debug\"",
				);
				PRODUCT_NAME = GATracking;
				USER_HEADER_SEARCH_PATHS = "";
			};
			name = Debug;
		};
		078D421A168207D500F07F8C /* Release */ = {
			isa = XCBuildConfiguration;
			buildSettings = {
				GCC_PRECOMPILE_PREFIX_HEADER = YES;
				GCC_PREFIX_HEADER = "GATracking/GATracking-Prefix.pch";
				HEADER_SEARCH_PATHS = "\"$(SRCROOT)/../Pods/Headers\"";
				LIBRARY_SEARCH_PATHS = (
					"$(inherited)",
					"\"$(SRCROOT)/../../../../Library/Developer/Xcode/DerivedData/Build/Products/Debug\"",
				);
				PRODUCT_NAME = GATracking;
				USER_HEADER_SEARCH_PATHS = "";
			};
			name = Release;
		};
/* End XCBuildConfiguration section */

/* Begin XCConfigurationList section */
		078D4201168207D500F07F8C /* Build configuration list for PBXProject "GATracking" */ = {
			isa = XCConfigurationList;
			buildConfigurations = (
				078D4216168207D500F07F8C /* Debug */,
				078D4217168207D500F07F8C /* Release */,
			);
			defaultConfigurationIsVisible = 0;
			defaultConfigurationName = Release;
		};
		078D4218168207D500F07F8C /* Build configuration list for PBXNativeTarget "GATracking" */ = {
			isa = XCConfigurationList;
			buildConfigurations = (
				078D4219168207D500F07F8C /* Debug */,
				078D421A168207D500F07F8C /* Release */,
			);
			defaultConfigurationIsVisible = 0;
			defaultConfigurationName = Release;
		};
/* End XCConfigurationList section */
	};
	rootObject = 078D41FE168207D500F07F8C /* Project object */;
}
